
Microsoft Visual Studio Solution File, Format Version 12.00
# Visual Studio Version 17
VisualStudioVersion = 17.9.34902.65
MinimumVisualStudioVersion = 10.0.40219.1
Project("{9A19103F-16F7-4668-BE54-9A1E7A4F7556}") = "Ejercicios1", "Ejercicios1\Ejercicios1.csproj", "{D2983186-DEA6-4D78-B769-C57F42A3A6B2}"
EndProject
Project("{FAE04EC0-301F-11D3-BF4B-00C04F79EFBC}") = "Ejercicio2", "Ejercicio2\Ejercicio2.csproj", "{1B9434A4-5A38-49FE-86E1-311DA6415D3C}"
EndProject
Project("{FAE04EC0-301F-11D3-BF4B-00C04F79EFBC}") = "Ejercicio3", "Ejercicio3\Ejercicio3.csproj", "{68019EAC-1E79-4606-A1AF-307507F05C34}"
EndProject
Project("{FAE04EC0-301F-11D3-BF4B-00C04F79EFBC}") = "Ejercicio4", "Ejercicio4\Ejercicio4.csproj", "{6C64E9D3-99C6-405C-B184-53459D802E3B}"
EndProject
Project("{FAE04EC0-301F-11D3-BF4B-00C04F79EFBC}") = "Ejercicio5", "Ejercicio5\Ejercicio5.csproj", "{E696F2E6-647A-4976-8158-D399EFCEEDA0}"
EndProject
Project("{FAE04EC0-301F-11D3-BF4B-00C04F79EFBC}") = "Ejercicio6", "Ejercicio6\Ejercicio6.csproj", "{9CB54509-AD92-49CC-822D-EF828B0E6F36}"
EndProject
Project("{FAE04EC0-301F-11D3-BF4B-00C04F79EFBC}") = "Ejercicio7", "Ejercicio7\Ejercicio7.csproj", "{35395774-5766-4AC7-84E4-FFA5B9164011}"
EndProject
Project("{FAE04EC0-301F-11D3-BF4B-00C04F79EFBC}") = "Ejercicio8", "Ejercicio8\Ejercicio8.csproj", "{98A34C15-ECDA-4FEC-B1E6-43F2299564EB}"
EndProject
Global
	GlobalSection(SolutionConfigurationPlatforms) = preSolution
		Debug|Any CPU = Debug|Any CPU
		Release|Any CPU = Release|Any CPU
	EndGlobalSection
	GlobalSection(ProjectConfigurationPlatforms) = postSolution
		{D2983186-DEA6-4D78-B769-C57F42A3A6B2}.Debug|Any CPU.ActiveCfg = Debug|Any CPU
		{D2983186-DEA6-4D78-B769-C57F42A3A6B2}.Debug|Any CPU.Build.0 = Debug|Any CPU
		{D2983186-DEA6-4D78-B769-C57F42A3A6B2}.Release|Any CPU.ActiveCfg = Release|Any CPU
		{D2983186-DEA6-4D78-B769-C57F42A3A6B2}.Release|Any CPU.Build.0 = Release|Any CPU
		{1B9434A4-5A38-49FE-86E1-311DA6415D3C}.Debug|Any CPU.ActiveCfg = Debug|Any CPU
		{1B9434A4-5A38-49FE-86E1-311DA6415D3C}.Debug|Any CPU.Build.0 = Debug|Any CPU
		{1B9434A4-5A38-49FE-86E1-311DA6415D3C}.Release|Any CPU.ActiveCfg = Release|Any CPU
		{1B9434A4-5A38-49FE-86E1-311DA6415D3C}.Release|Any CPU.Build.0 = Release|Any CPU
		{68019EAC-1E79-4606-A1AF-307507F05C34}.Debug|Any CPU.ActiveCfg = Debug|Any CPU
		{68019EAC-1E79-4606-A1AF-307507F05C34}.Debug|Any CPU.Build.0 = Debug|Any CPU
		{68019EAC-1E79-4606-A1AF-307507F05C34}.Release|Any CPU.ActiveCfg = Release|Any CPU
		{68019EAC-1E79-4606-A1AF-307507F05C34}.Release|Any CPU.Build.0 = Release|Any CPU
		{6C64E9D3-99C6-405C-B184-53459D802E3B}.Debug|Any CPU.ActiveCfg = Debug|Any CPU
		{6C64E9D3-99C6-405C-B184-53459D802E3B}.Debug|Any CPU.Build.0 = Debug|Any CPU
		{6C64E9D3-99C6-405C-B184-53459D802E3B}.Release|Any CPU.ActiveCfg = Release|Any CPU
		{6C64E9D3-99C6-405C-B184-53459D802E3B}.Release|Any CPU.Build.0 = Release|Any CPU
		{E696F2E6-647A-4976-8158-D399EFCEEDA0}.Debug|Any CPU.ActiveCfg = Debug|Any CPU
		{E696F2E6-647A-4976-8158-D399EFCEEDA0}.Debug|Any CPU.Build.0 = Debug|Any CPU
		{E696F2E6-647A-4976-8158-D399EFCEEDA0}.Release|Any CPU.ActiveCfg = Release|Any CPU
		{E696F2E6-647A-4976-8158-D399EFCEEDA0}.Release|Any CPU.Build.0 = Release|Any CPU
		{9CB54509-AD92-49CC-822D-EF828B0E6F36}.Debug|Any CPU.ActiveCfg = Debug|Any CPU
		{9CB54509-AD92-49CC-822D-EF828B0E6F36}.Debug|Any CPU.Build.0 = Debug|Any CPU
		{9CB54509-AD92-49CC-822D-EF828B0E6F36}.Release|Any CPU.ActiveCfg = Release|Any CPU
		{9CB54509-AD92-49CC-822D-EF828B0E6F36}.Release|Any CPU.Build.0 = Release|Any CPU
		{35395774-5766-4AC7-84E4-FFA5B9164011}.Debug|Any CPU.ActiveCfg = Debug|Any CPU
		{35395774-5766-4AC7-84E4-FFA5B9164011}.Debug|Any CPU.Build.0 = Debug|Any CPU
		{35395774-5766-4AC7-84E4-FFA5B9164011}.Release|Any CPU.ActiveCfg = Release|Any CPU
		{35395774-5766-4AC7-84E4-FFA5B9164011}.Release|Any CPU.Build.0 = Release|Any CPU
		{98A34C15-ECDA-4FEC-B1E6-43F2299564EB}.Debug|Any CPU.ActiveCfg = Debug|Any CPU
		{98A34C15-ECDA-4FEC-B1E6-43F2299564EB}.Debug|Any CPU.Build.0 = Debug|Any CPU
		{98A34C15-ECDA-4FEC-B1E6-43F2299564EB}.Release|Any CPU.ActiveCfg = Release|Any CPU
		{98A34C15-ECDA-4FEC-B1E6-43F2299564EB}.Release|Any CPU.Build.0 = Release|Any CPU
	EndGlobalSection
	GlobalSection(SolutionProperties) = preSolution
		HideSolutionNode = FALSE
	EndGlobalSection
	GlobalSection(ExtensibilityGlobals) = postSolution
		SolutionGuid = {103AEEE8-2490-4680-A69C-406DF3BFBF31}
	EndGlobalSection
EndGlobal
